{
  "lockfileVersion": 1,
  "workspaces": {
    "": {
      "name": "activestate",
      "dependencies": {
        "@eivifj/dot": "^1.0.3",
        "@rails/actioncable": "^7.2.201",
      },
    },
  },
  "packages": {
    "@eivifj/dot": ["@eivifj/dot@1.0.3", "", {}, "sha512-UE2x9N7XD/1qqtXA+4CZPD1RQAlM0lEdXdy09CJ/wNR+mgGKqwLRH4BGGfOAWwwz06pIT3c2tC4gvXbntGAeMA=="],

    "@rails/actioncable": ["@rails/actioncable@7.2.201", "", {}, "sha512-wsTdWoZ5EfG5k3t7ORdyQF0ZmDEgN4aVPCanHAiNEwCROqibSZMXXmCbH7IDJUVri4FOeAVwwbPINI7HVHPKBw=="],
  }
}
