{
  "lockfileVersion": 1,
  "workspaces": {
    "": {
      "name": "activestate",
      "dependencies": {
        "get-value": "^4.0.1",
        "jsonpathly": "^2.0.3",
        "set-value": "^4.1.0",
      },
      "devDependencies": {
        "@rails/actioncable": "^7.2.201",
        "deepmerge": "^4.3.1",
      },
    },
  },
  "packages": {
    "@rails/actioncable": ["@rails/actioncable@7.2.201", "", {}, "sha512-wsTdWoZ5EfG5k3t7ORdyQF0ZmDEgN4aVPCanHAiNEwCROqibSZMXXmCbH7IDJUVri4FOeAVwwbPINI7HVHPKBw=="],

    "antlr4": ["antlr4@4.13.2", "", {}, "sha512-QiVbZhyy4xAZ17UPEuG3YTOt8ZaoeOR1CvEAqrEsDBsOqINslaB147i9xqljZqoyf5S+EUlGStaj+t22LT9MOg=="],

    "deepmerge": ["deepmerge@4.3.1", "", {}, "sha512-3sUqbMEc77XqpdNO7FRyRog+eW3ph+GYCbj+rK+uYyRMuwsVy0rMiVtPn+QJlKFvWP/1PYpapqYn0Me2knFn+A=="],

    "fast-deep-equal": ["fast-deep-equal@3.1.3", "", {}, "sha512-f3qQ9oQy9j2AhBe/H9VC91wLmKBCCU/gDOnKNAYG5hswO7BLKj09Hc5HYNz9cGI++xlpDCIgDaitVs03ATR84Q=="],

    "get-value": ["get-value@4.0.1", "", {}, "sha512-QTDzwunK3V+VlJJlL0BlCzebAaE8OSlUC+UVd80PiekTw1gpzQSb3cfEQB2LYFWr1lbWfbdqL4pjAoJDPCLxhQ=="],

    "is-plain-object": ["is-plain-object@2.0.4", "", { "dependencies": { "isobject": "^3.0.1" } }, "sha512-h5PpgXkWitc38BBMYawTYMWJHFZJVnBquFE57xFpjB8pJFiF6gZ+bU+WyI/yqXiFR5mdLsgYNaPe8uao6Uv9Og=="],

    "is-primitive": ["is-primitive@3.0.1", "", {}, "sha512-GljRxhWvlCNRfZyORiH77FwdFwGcMO620o37EOYC0ORWdq+WYNVqW0w2Juzew4M+L81l6/QS3t5gkkihyRqv9w=="],

    "isobject": ["isobject@3.0.1", "", {}, "sha512-WhB9zCku7EGTj/HQQRz5aUQEUeoQZH2bWcltRErOpymJ4boYE6wL9Tbr23krRPSZ+C5zqNSrSw+Cc7sZZ4b7vg=="],

    "jsonpathly": ["jsonpathly@2.0.3", "", { "dependencies": { "antlr4": "^4.13.2", "fast-deep-equal": "^3.1.3" } }, "sha512-eBlSozh2UymGpZ/zBJVwRGEDwiWZePRjIRfo5R663l5mByr3Udri9AO/yJMkpa4/b96qa95n0BuUrLE32tBQpg=="],

    "set-value": ["set-value@4.1.0", "", { "dependencies": { "is-plain-object": "^2.0.4", "is-primitive": "^3.0.1" } }, "sha512-zTEg4HL0RwVrqcWs3ztF+x1vkxfm0lP+MQQFPiMJTKVceBwEV0A569Ou8l9IYQG8jOZdMVI1hGsc0tmeD2o/Lw=="],
  }
}
